
Microsoft Visual Studio Solution File, Format Version 12.00
# Visual Studio Version 16
VisualStudioVersion = 16.0.31025.194
MinimumVisualStudioVersion = 10.0.40219.1
Project("{FAE04EC0-301F-11D3-BF4B-00C04F79EFBC}") = "BiggerPortrait", "BiggerPortrait\BiggerPortrait.csproj", "{C943A943-5517-4609-B9B9-1E8D32E4F277}"
EndProject
Global
	GlobalSection(SolutionConfigurationPlatforms) = preSolution
		Debug|Any CPU = Debug|Any CPU
		Release|Any CPU = Release|Any CPU
	EndGlobalSection
	GlobalSection(ProjectConfigurationPlatforms) = postSolution
		{C943A943-5517-4609-B9B9-1E8D32E4F277}.Debug|Any CPU.ActiveCfg = Debug|Any CPU
		{C943A943-5517-4609-B9B9-1E8D32E4F277}.Debug|Any CPU.Build.0 = Debug|Any CPU
		{C943A943-5517-4609-B9B9-1E8D32E4F277}.Release|Any CPU.ActiveCfg = Release|Any CPU
		{C943A943-5517-4609-B9B9-1E8D32E4F277}.Release|Any CPU.Build.0 = Release|Any CPU
	EndGlobalSection
	GlobalSection(SolutionProperties) = preSolution
		HideSolutionNode = FALSE
	EndGlobalSection
	GlobalSection(ExtensibilityGlobals) = postSolution
		SolutionGuid = {DC17F861-10B5-43A1-9BD1-C4EB57761EA2}
	EndGlobalSection
EndGlobal
